<Solution>
  <Folder Name="/.github/" />
  <Folder Name="/.github/workflows/">
    <File Path="dotnet.yml" />
  </Folder>
  <Folder Name="/Solution Items/">
    <File Path="docker-compose.yaml" />
    <File Path="global.json" />
  </Folder>
  <Project Path="GymManagement.Api/GymManagement.Api.csproj" />
  <Project Path="GymManagement.Test/GymManagement.Test.csproj" Id="75b1ab59-0f80-45c3-a1b0-4b0a2f071143" />
</Solution>
