<Solution>
  <Folder Name="/.github/" />
  <Folder Name="/.github/workflows/" Id="e7a3c856-6834-d657-f2f0-05592df2dde9">
    <File Path="dotnet.yml" />
  </Folder>
  <Folder Name="/Solution Items/">
    <File Path="docker-compose.yaml" />
    <File Path="global.json" />
  </Folder>
  <Project Path="GymManagement.Api/GymManagement.Api.csproj" />
</Solution>
